
Microsoft Visual Studio Solution File, Format Version 12.00
# Visual Studio Version 17
VisualStudioVersion = 17.5.33516.290
MinimumVisualStudioVersion = 10.0.40219.1
Project("{2150E333-8FDC-42A3-9474-1A3956D46DE8}") = "src", "src", "{D90154BC-E1D3-4B75-AF69-C913F2F57DD9}"
EndProject
Project("{2150E333-8FDC-42A3-9474-1A3956D46DE8}") = "test", "test", "{3DCA9776-4925-461F-BF8A-EBB6721E8055}"
EndProject
Project("{2150E333-8FDC-42A3-9474-1A3956D46DE8}") = "UI", "UI", "{B8E56221-39C5-4B69-87E3-16CDDCAA442A}"
EndProject
Project("{2150E333-8FDC-42A3-9474-1A3956D46DE8}") = "API", "API", "{858BC825-5B95-42D1-80A4-5356A7FF015D}"
EndProject
Project("{2150E333-8FDC-42A3-9474-1A3956D46DE8}") = "Core", "Core", "{71F12165-94C7-4FCA-A2D0-1043D0C1A682}"
EndProject
Project("{2150E333-8FDC-42A3-9474-1A3956D46DE8}") = "Infrastructure", "Infrastructure", "{51E449BB-0ACF-421E-AA5A-C09FDDE99AAA}"
EndProject
Project("{FAE04EC0-301F-11D3-BF4B-00C04F79EFBC}") = "Employee.Management.Domain", "Employee.Management\Employee.Management.Domain.csproj", "{BA77579E-A68D-4470-9876-8A0D3AD054B9}"
EndProject
Project("{FAE04EC0-301F-11D3-BF4B-00C04F79EFBC}") = "Employee.Management.Application", "Employee.Management.Application\Employee.Management.Application.csproj", "{BCD50930-FF38-4DA7-9630-72AF0F3C982A}"
EndProject
Project("{FAE04EC0-301F-11D3-BF4B-00C04F79EFBC}") = "Employee.Management.Persistence", "Employee.Management.Persistence\Employee.Management.Persistence.csproj", "{2F79009E-F638-4DBF-85AD-9B51BB953794}"
EndProject
Project("{FAE04EC0-301F-11D3-BF4B-00C04F79EFBC}") = "EmployeeManagement.API", "EmployeeManagement.API\EmployeeManagement.API.csproj", "{8F696573-E163-4A6E-A40D-F07DC2C93B63}"
EndProject
Project("{FAE04EC0-301F-11D3-BF4B-00C04F79EFBC}") = "Employee.Management.Infrastructure", "Employee.Management.Infrastructure\Employee.Management.Infrastructure.csproj", "{ACA96624-C35D-435A-BB01-2D5C8714EE47}"
EndProject
Global
	GlobalSection(SolutionConfigurationPlatforms) = preSolution
		Debug|Any CPU = Debug|Any CPU
		Release|Any CPU = Release|Any CPU
	EndGlobalSection
	GlobalSection(ProjectConfigurationPlatforms) = postSolution
		{BA77579E-A68D-4470-9876-8A0D3AD054B9}.Debug|Any CPU.ActiveCfg = Debug|Any CPU
		{BA77579E-A68D-4470-9876-8A0D3AD054B9}.Debug|Any CPU.Build.0 = Debug|Any CPU
		{BA77579E-A68D-4470-9876-8A0D3AD054B9}.Release|Any CPU.ActiveCfg = Release|Any CPU
		{BA77579E-A68D-4470-9876-8A0D3AD054B9}.Release|Any CPU.Build.0 = Release|Any CPU
		{BCD50930-FF38-4DA7-9630-72AF0F3C982A}.Debug|Any CPU.ActiveCfg = Debug|Any CPU
		{BCD50930-FF38-4DA7-9630-72AF0F3C982A}.Debug|Any CPU.Build.0 = Debug|Any CPU
		{BCD50930-FF38-4DA7-9630-72AF0F3C982A}.Release|Any CPU.ActiveCfg = Release|Any CPU
		{BCD50930-FF38-4DA7-9630-72AF0F3C982A}.Release|Any CPU.Build.0 = Release|Any CPU
		{2F79009E-F638-4DBF-85AD-9B51BB953794}.Debug|Any CPU.ActiveCfg = Debug|Any CPU
		{2F79009E-F638-4DBF-85AD-9B51BB953794}.Debug|Any CPU.Build.0 = Debug|Any CPU
		{2F79009E-F638-4DBF-85AD-9B51BB953794}.Release|Any CPU.ActiveCfg = Release|Any CPU
		{2F79009E-F638-4DBF-85AD-9B51BB953794}.Release|Any CPU.Build.0 = Release|Any CPU
		{8F696573-E163-4A6E-A40D-F07DC2C93B63}.Debug|Any CPU.ActiveCfg = Debug|Any CPU
		{8F696573-E163-4A6E-A40D-F07DC2C93B63}.Debug|Any CPU.Build.0 = Debug|Any CPU
		{8F696573-E163-4A6E-A40D-F07DC2C93B63}.Release|Any CPU.ActiveCfg = Release|Any CPU
		{8F696573-E163-4A6E-A40D-F07DC2C93B63}.Release|Any CPU.Build.0 = Release|Any CPU
		{ACA96624-C35D-435A-BB01-2D5C8714EE47}.Debug|Any CPU.ActiveCfg = Debug|Any CPU
		{ACA96624-C35D-435A-BB01-2D5C8714EE47}.Debug|Any CPU.Build.0 = Debug|Any CPU
		{ACA96624-C35D-435A-BB01-2D5C8714EE47}.Release|Any CPU.ActiveCfg = Release|Any CPU
		{ACA96624-C35D-435A-BB01-2D5C8714EE47}.Release|Any CPU.Build.0 = Release|Any CPU
	EndGlobalSection
	GlobalSection(SolutionProperties) = preSolution
		HideSolutionNode = FALSE
	EndGlobalSection
	GlobalSection(NestedProjects) = preSolution
		{B8E56221-39C5-4B69-87E3-16CDDCAA442A} = {D90154BC-E1D3-4B75-AF69-C913F2F57DD9}
		{858BC825-5B95-42D1-80A4-5356A7FF015D} = {D90154BC-E1D3-4B75-AF69-C913F2F57DD9}
		{71F12165-94C7-4FCA-A2D0-1043D0C1A682} = {D90154BC-E1D3-4B75-AF69-C913F2F57DD9}
		{51E449BB-0ACF-421E-AA5A-C09FDDE99AAA} = {D90154BC-E1D3-4B75-AF69-C913F2F57DD9}
		{BA77579E-A68D-4470-9876-8A0D3AD054B9} = {71F12165-94C7-4FCA-A2D0-1043D0C1A682}
		{BCD50930-FF38-4DA7-9630-72AF0F3C982A} = {71F12165-94C7-4FCA-A2D0-1043D0C1A682}
		{2F79009E-F638-4DBF-85AD-9B51BB953794} = {51E449BB-0ACF-421E-AA5A-C09FDDE99AAA}
		{8F696573-E163-4A6E-A40D-F07DC2C93B63} = {858BC825-5B95-42D1-80A4-5356A7FF015D}
		{ACA96624-C35D-435A-BB01-2D5C8714EE47} = {51E449BB-0ACF-421E-AA5A-C09FDDE99AAA}
	EndGlobalSection
	GlobalSection(ExtensibilityGlobals) = postSolution
		SolutionGuid = {844F0439-BD04-4116-91F1-25825574E123}
	EndGlobalSection
EndGlobal
